// !$*UTF8*$!
{
	archiveVersion = 1;
	classes = {
	};
	objectVersion = 48;
	objects = {

/* Begin PBXBuildFile section */
		0252AAC51FD4D83800AD5AB0 /* CEReversibleAnimationController.m in Sources */ = {isa = PBXBuildFile; fileRef = 0252AAC11FD4D83700AD5AB0 /* CEReversibleAnimationController.m */; };
		0252AAC61FD4D83800AD5AB0 /* CEPanAnimationController.m in Sources */ = {isa = PBXBuildFile; fileRef = 0252AAC21FD4D83700AD5AB0 /* CEPanAnimationController.m */; };
		0252AACF1FD4D95600AD5AB0 /* CEBaseInteractionController.m in Sources */ = {isa = PBXBuildFile; fileRef = 0252AAC71FD4D95500AD5AB0 /* CEBaseInteractionController.m */; };
		0252AAD01FD4D95600AD5AB0 /* CEHorizontalSwipeInteractionController.m in Sources */ = {isa = PBXBuildFile; fileRef = 0252AAC81FD4D95500AD5AB0 /* CEHorizontalSwipeInteractionController.m */; };
		0252AAD11FD4D95600AD5AB0 /* CEPinchInteractionController.m in Sources */ = {isa = PBXBuildFile; fileRef = 0252AAC91FD4D95500AD5AB0 /* CEPinchInteractionController.m */; };
		0252AAD21FD4D95600AD5AB0 /* CEVerticalSwipeInteractionController.m in Sources */ = {isa = PBXBuildFile; fileRef = 0252AACC1FD4D95600AD5AB0 /* CEVerticalSwipeInteractionController.m */; };
		02D9B9861FCCEF900042E18D /* AppDelegate.m in Sources */ = {isa = PBXBuildFile; fileRef = 02D9B9851FCCEF900042E18D /* AppDelegate.m */; };
		02D9B9891FCCEF900042E18D /* ViewController.m in Sources */ = {isa = PBXBuildFile; fileRef = 02D9B9881FCCEF900042E18D /* ViewController.m */; };
		02D9B98C1FCCEF900042E18D /* Main.storyboard in Resources */ = {isa = PBXBuildFile; fileRef = 02D9B98A1FCCEF900042E18D /* Main.storyboard */; };
		02D9B98E1FCCEF900042E18D /* Assets.xcassets in Resources */ = {isa = PBXBuildFile; fileRef = 02D9B98D1FCCEF900042E18D /* Assets.xcassets */; };
		02D9B9911FCCEF900042E18D /* LaunchScreen.storyboard in Resources */ = {isa = PBXBuildFile; fileRef = 02D9B98F1FCCEF900042E18D /* LaunchScreen.storyboard */; };
		02D9B9941FCCEF900042E18D /* main.m in Sources */ = {isa = PBXBuildFile; fileRef = 02D9B9931FCCEF900042E18D /* main.m */; };
		02D9B99E1FCCEF900042E18D /* ____Tests.m in Sources */ = {isa = PBXBuildFile; fileRef = 02D9B99D1FCCEF900042E18D /* ____Tests.m */; };
		02D9B9A91FCCEF900042E18D /* ____UITests.m in Sources */ = {isa = PBXBuildFile; fileRef = 02D9B9A81FCCEF900042E18D /* ____UITests.m */; };
		02D9B9BA1FCD08610042E18D /* PLTransitionAnimationController.m in Sources */ = {isa = PBXBuildFile; fileRef = 02D9B9B91FCD08610042E18D /* PLTransitionAnimationController.m */; };
		02D9B9C11FCD2E890042E18D /* PLInteractiveTransitionController.m in Sources */ = {isa = PBXBuildFile; fileRef = 02D9B9C01FCD2E890042E18D /* PLInteractiveTransitionController.m */; };
		02D9B9C81FCD53D70042E18D /* PLRightToLeftInteractionController.m in Sources */ = {isa = PBXBuildFile; fileRef = 02D9B9C71FCD53D70042E18D /* PLRightToLeftInteractionController.m */; };
		02D9B9CE1FCD61B90042E18D /* PLPanAnimationController.m in Sources */ = {isa = PBXBuildFile; fileRef = 02D9B9CD1FCD61B90042E18D /* PLPanAnimationController.m */; };
		02D9B9D11FCD63AF0042E18D /* NavigationViewController.m in Sources */ = {isa = PBXBuildFile; fileRef = 02D9B9D01FCD63AF0042E18D /* NavigationViewController.m */; };
/* End PBXBuildFile section */

/* Begin PBXContainerItemProxy section */
		02D9B99A1FCCEF900042E18D /* PBXContainerItemProxy */ = {
			isa = PBXContainerItemProxy;
			containerPortal = 02D9B9791FCCEF900042E18D /* Project object */;
			proxyType = 1;
			remoteGlobalIDString = 02D9B9801FCCEF900042E18D;
			remoteInfo = "转场动画";
		};
		02D9B9A51FCCEF900042E18D /* PBXContainerItemProxy */ = {
			isa = PBXContainerItemProxy;
			containerPortal = 02D9B9791FCCEF900042E18D /* Project object */;
			proxyType = 1;
			remoteGlobalIDString = 02D9B9801FCCEF900042E18D;
			remoteInfo = "转场动画";
		};
/* End PBXContainerItemProxy section */

/* Begin PBXFileReference section */
		0252AAC11FD4D83700AD5AB0 /* CEReversibleAnimationController.m */ = {isa = PBXFileReference; lastKnownFileType = sourcecode.c.objc; path = CEReversibleAnimationController.m; sourceTree = "<group>"; };
		0252AAC21FD4D83700AD5AB0 /* CEPanAnimationController.m */ = {isa = PBXFileReference; lastKnownFileType = sourcecode.c.objc; path = CEPanAnimationController.m; sourceTree = "<group>"; };
		0252AAC31FD4D83700AD5AB0 /* CEReversibleAnimationController.h */ = {isa = PBXFileReference; lastKnownFileType = sourcecode.c.h; path = CEReversibleAnimationController.h; sourceTree = "<group>"; };
		0252AAC41FD4D83800AD5AB0 /* CEPanAnimationController.h */ = {isa = PBXFileReference; lastKnownFileType = sourcecode.c.h; path = CEPanAnimationController.h; sourceTree = "<group>"; };
		0252AAC71FD4D95500AD5AB0 /* CEBaseInteractionController.m */ = {isa = PBXFileReference; lastKnownFileType = sourcecode.c.objc; name = CEBaseInteractionController.m; path = InteractionControllers/CEBaseInteractionController.m; sourceTree = "<group>"; };
		0252AAC81FD4D95500AD5AB0 /* CEHorizontalSwipeInteractionController.m */ = {isa = PBXFileReference; lastKnownFileType = sourcecode.c.objc; name = CEHorizontalSwipeInteractionController.m; path = InteractionControllers/CEHorizontalSwipeInteractionController.m; sourceTree = "<group>"; };
		0252AAC91FD4D95500AD5AB0 /* CEPinchInteractionController.m */ = {isa = PBXFileReference; lastKnownFileType = sourcecode.c.objc; name = CEPinchInteractionController.m; path = InteractionControllers/CEPinchInteractionController.m; sourceTree = "<group>"; };
		0252AACA1FD4D95500AD5AB0 /* CEVerticalSwipeInteractionController.h */ = {isa = PBXFileReference; lastKnownFileType = sourcecode.c.h; name = CEVerticalSwipeInteractionController.h; path = InteractionControllers/CEVerticalSwipeInteractionController.h; sourceTree = "<group>"; };
		0252AACB1FD4D95600AD5AB0 /* CEBaseInteractionController.h */ = {isa = PBXFileReference; lastKnownFileType = sourcecode.c.h; name = CEBaseInteractionController.h; path = InteractionControllers/CEBaseInteractionController.h; sourceTree = "<group>"; };
		0252AACC1FD4D95600AD5AB0 /* CEVerticalSwipeInteractionController.m */ = {isa = PBXFileReference; lastKnownFileType = sourcecode.c.objc; name = CEVerticalSwipeInteractionController.m; path = InteractionControllers/CEVerticalSwipeInteractionController.m; sourceTree = "<group>"; };
		0252AACD1FD4D95600AD5AB0 /* CEHorizontalSwipeInteractionController.h */ = {isa = PBXFileReference; lastKnownFileType = sourcecode.c.h; name = CEHorizontalSwipeInteractionController.h; path = InteractionControllers/CEHorizontalSwipeInteractionController.h; sourceTree = "<group>"; };
		0252AACE1FD4D95600AD5AB0 /* CEPinchInteractionController.h */ = {isa = PBXFileReference; lastKnownFileType = sourcecode.c.h; name = CEPinchInteractionController.h; path = InteractionControllers/CEPinchInteractionController.h; sourceTree = "<group>"; };
		02D9B9811FCCEF900042E18D /* 转场动画.app */ = {isa = PBXFileReference; explicitFileType = wrapper.application; includeInIndex = 0; path = "转场动画.app"; sourceTree = BUILT_PRODUCTS_DIR; };
		02D9B9841FCCEF900042E18D /* AppDelegate.h */ = {isa = PBXFileReference; lastKnownFileType = sourcecode.c.h; path = AppDelegate.h; sourceTree = "<group>"; };
		02D9B9851FCCEF900042E18D /* AppDelegate.m */ = {isa = PBXFileReference; lastKnownFileType = sourcecode.c.objc; path = AppDelegate.m; sourceTree = "<group>"; };
		02D9B9871FCCEF900042E18D /* ViewController.h */ = {isa = PBXFileReference; lastKnownFileType = sourcecode.c.h; path = ViewController.h; sourceTree = "<group>"; };
		02D9B9881FCCEF900042E18D /* ViewController.m */ = {isa = PBXFileReference; lastKnownFileType = sourcecode.c.objc; path = ViewController.m; sourceTree = "<group>"; };
		02D9B98B1FCCEF900042E18D /* Base */ = {isa = PBXFileReference; lastKnownFileType = file.storyboard; name = Base; path = Base.lproj/Main.storyboard; sourceTree = "<group>"; };
		02D9B98D1FCCEF900042E18D /* Assets.xcassets */ = {isa = PBXFileReference; lastKnownFileType = folder.assetcatalog; path = Assets.xcassets; sourceTree = "<group>"; };
		02D9B9901FCCEF900042E18D /* Base */ = {isa = PBXFileReference; lastKnownFileType = file.storyboard; name = Base; path = Base.lproj/LaunchScreen.storyboard; sourceTree = "<group>"; };
		02D9B9921FCCEF900042E18D /* Info.plist */ = {isa = PBXFileReference; lastKnownFileType = text.plist.xml; path = Info.plist; sourceTree = "<group>"; };
		02D9B9931FCCEF900042E18D /* main.m */ = {isa = PBXFileReference; lastKnownFileType = sourcecode.c.objc; path = main.m; sourceTree = "<group>"; };
		02D9B9991FCCEF900042E18D /* 转场动画Tests.xctest */ = {isa = PBXFileReference; explicitFileType = wrapper.cfbundle; includeInIndex = 0; path = "转场动画Tests.xctest"; sourceTree = BUILT_PRODUCTS_DIR; };
		02D9B99D1FCCEF900042E18D /* ____Tests.m */ = {isa = PBXFileReference; lastKnownFileType = sourcecode.c.objc; path = "____Tests.m"; sourceTree = "<group>"; };
		02D9B99F1FCCEF900042E18D /* Info.plist */ = {isa = PBXFileReference; lastKnownFileType = text.plist.xml; path = Info.plist; sourceTree = "<group>"; };
		02D9B9A41FCCEF900042E18D /* 转场动画UITests.xctest */ = {isa = PBXFileReference; explicitFileType = wrapper.cfbundle; includeInIndex = 0; path = "转场动画UITests.xctest"; sourceTree = BUILT_PRODUCTS_DIR; };
		02D9B9A81FCCEF900042E18D /* ____UITests.m */ = {isa = PBXFileReference; lastKnownFileType = sourcecode.c.objc; path = "____UITests.m"; sourceTree = "<group>"; };
		02D9B9AA1FCCEF900042E18D /* Info.plist */ = {isa = PBXFileReference; lastKnownFileType = text.plist.xml; path = Info.plist; sourceTree = "<group>"; };
		02D9B9B81FCD08610042E18D /* PLTransitionAnimationController.h */ = {isa = PBXFileReference; lastKnownFileType = sourcecode.c.h; path = PLTransitionAnimationController.h; sourceTree = "<group>"; };
		02D9B9B91FCD08610042E18D /* PLTransitionAnimationController.m */ = {isa = PBXFileReference; lastKnownFileType = sourcecode.c.objc; path = PLTransitionAnimationController.m; sourceTree = "<group>"; };
		02D9B9BF1FCD2E890042E18D /* PLInteractiveTransitionController.h */ = {isa = PBXFileReference; lastKnownFileType = sourcecode.c.h; path = PLInteractiveTransitionController.h; sourceTree = "<group>"; };
		02D9B9C01FCD2E890042E18D /* PLInteractiveTransitionController.m */ = {isa = PBXFileReference; lastKnownFileType = sourcecode.c.objc; path = PLInteractiveTransitionController.m; sourceTree = "<group>"; };
		02D9B9C61FCD53D70042E18D /* PLRightToLeftInteractionController.h */ = {isa = PBXFileReference; lastKnownFileType = sourcecode.c.h; path = PLRightToLeftInteractionController.h; sourceTree = "<group>"; };
		02D9B9C71FCD53D70042E18D /* PLRightToLeftInteractionController.m */ = {isa = PBXFileReference; lastKnownFileType = sourcecode.c.objc; path = PLRightToLeftInteractionController.m; sourceTree = "<group>"; };
		02D9B9CC1FCD61B90042E18D /* PLPanAnimationController.h */ = {isa = PBXFileReference; lastKnownFileType = sourcecode.c.h; path = PLPanAnimationController.h; sourceTree = "<group>"; };
		02D9B9CD1FCD61B90042E18D /* PLPanAnimationController.m */ = {isa = PBXFileReference; lastKnownFileType = sourcecode.c.objc; path = PLPanAnimationController.m; sourceTree = "<group>"; };
		02D9B9CF1FCD63AF0042E18D /* NavigationViewController.h */ = {isa = PBXFileReference; lastKnownFileType = sourcecode.c.h; path = NavigationViewController.h; sourceTree = "<group>"; };
		02D9B9D01FCD63AF0042E18D /* NavigationViewController.m */ = {isa = PBXFileReference; lastKnownFileType = sourcecode.c.objc; path = NavigationViewController.m; sourceTree = "<group>"; };
/* End PBXFileReference section */

/* Begin PBXFrameworksBuildPhase section */
		02D9B97E1FCCEF900042E18D /* Frameworks */ = {
			isa = PBXFrameworksBuildPhase;
			buildActionMask = 2147483647;
			files = (
			);
			runOnlyForDeploymentPostprocessing = 0;
		};
		02D9B9961FCCEF900042E18D /* Frameworks */ = {
			isa = PBXFrameworksBuildPhase;
			buildActionMask = 2147483647;
			files = (
			);
			runOnlyForDeploymentPostprocessing = 0;
		};
		02D9B9A11FCCEF900042E18D /* Frameworks */ = {
			isa = PBXFrameworksBuildPhase;
			buildActionMask = 2147483647;
			files = (
			);
			runOnlyForDeploymentPostprocessing = 0;
		};
/* End PBXFrameworksBuildPhase section */

/* Begin PBXGroup section */
		02D9B9781FCCEF900042E18D = {
			isa = PBXGroup;
			children = (
				02D9B9831FCCEF900042E18D /* 转场动画 */,
				02D9B99C1FCCEF900042E18D /* 转场动画Tests */,
				02D9B9A71FCCEF900042E18D /* 转场动画UITests */,
				02D9B9821FCCEF900042E18D /* Products */,
			);
			sourceTree = "<group>";
		};
		02D9B9821FCCEF900042E18D /* Products */ = {
			isa = PBXGroup;
			children = (
				02D9B9811FCCEF900042E18D /* 转场动画.app */,
				02D9B9991FCCEF900042E18D /* 转场动画Tests.xctest */,
				02D9B9A41FCCEF900042E18D /* 转场动画UITests.xctest */,
			);
			name = Products;
			sourceTree = "<group>";
		};
		02D9B9831FCCEF900042E18D /* 转场动画 */ = {
			isa = PBXGroup;
			children = (
				02D9B9841FCCEF900042E18D /* AppDelegate.h */,
				02D9B9851FCCEF900042E18D /* AppDelegate.m */,
				0252AACB1FD4D95600AD5AB0 /* CEBaseInteractionController.h */,
				0252AAC71FD4D95500AD5AB0 /* CEBaseInteractionController.m */,
				0252AACD1FD4D95600AD5AB0 /* CEHorizontalSwipeInteractionController.h */,
				0252AAC81FD4D95500AD5AB0 /* CEHorizontalSwipeInteractionController.m */,
				0252AACE1FD4D95600AD5AB0 /* CEPinchInteractionController.h */,
				0252AAC91FD4D95500AD5AB0 /* CEPinchInteractionController.m */,
				0252AACA1FD4D95500AD5AB0 /* CEVerticalSwipeInteractionController.h */,
				0252AACC1FD4D95600AD5AB0 /* CEVerticalSwipeInteractionController.m */,
				0252AAC41FD4D83800AD5AB0 /* CEPanAnimationController.h */,
				0252AAC21FD4D83700AD5AB0 /* CEPanAnimationController.m */,
				0252AAC31FD4D83700AD5AB0 /* CEReversibleAnimationController.h */,
				0252AAC11FD4D83700AD5AB0 /* CEReversibleAnimationController.m */,
				02D9B9871FCCEF900042E18D /* ViewController.h */,
				02D9B9881FCCEF900042E18D /* ViewController.m */,
				02D9B9B81FCD08610042E18D /* PLTransitionAnimationController.h */,
				02D9B9B91FCD08610042E18D /* PLTransitionAnimationController.m */,
				02D9B9BF1FCD2E890042E18D /* PLInteractiveTransitionController.h */,
				02D9B9C01FCD2E890042E18D /* PLInteractiveTransitionController.m */,
				02D9B9C61FCD53D70042E18D /* PLRightToLeftInteractionController.h */,
				02D9B9C71FCD53D70042E18D /* PLRightToLeftInteractionController.m */,
				02D9B9CC1FCD61B90042E18D /* PLPanAnimationController.h */,
				02D9B9CD1FCD61B90042E18D /* PLPanAnimationController.m */,
				02D9B9CF1FCD63AF0042E18D /* NavigationViewController.h */,
				02D9B9D01FCD63AF0042E18D /* NavigationViewController.m */,
				02D9B98A1FCCEF900042E18D /* Main.storyboard */,
				02D9B98D1FCCEF900042E18D /* Assets.xcassets */,
				02D9B98F1FCCEF900042E18D /* LaunchScreen.storyboard */,
				02D9B9921FCCEF900042E18D /* Info.plist */,
				02D9B9931FCCEF900042E18D /* main.m */,
			);
			path = "转场动画";
			sourceTree = "<group>";
		};
		02D9B99C1FCCEF900042E18D /* 转场动画Tests */ = {
			isa = PBXGroup;
			children = (
				02D9B99D1FCCEF900042E18D /* ____Tests.m */,
				02D9B99F1FCCEF900042E18D /* Info.plist */,
			);
			path = "转场动画Tests";
			sourceTree = "<group>";
		};
		02D9B9A71FCCEF900042E18D /* 转场动画UITests */ = {
			isa = PBXGroup;
			children = (
				02D9B9A81FCCEF900042E18D /* ____UITests.m */,
				02D9B9AA1FCCEF900042E18D /* Info.plist */,
			);
			path = "转场动画UITests";
			sourceTree = "<group>";
		};
/* End PBXGroup section */

/* Begin PBXNativeTarget section */
		02D9B9801FCCEF900042E18D /* 转场动画 */ = {
			isa = PBXNativeTarget;
			buildConfigurationList = 02D9B9AD1FCCEF900042E18D /* Build configuration list for PBXNativeTarget "转场动画" */;
			buildPhases = (
				02D9B97D1FCCEF900042E18D /* Sources */,
				02D9B97E1FCCEF900042E18D /* Frameworks */,
				02D9B97F1FCCEF900042E18D /* Resources */,
			);
			buildRules = (
			);
			dependencies = (
			);
			name = "转场动画";
			productName = "转场动画";
			productReference = 02D9B9811FCCEF900042E18D /* 转场动画.app */;
			productType = "com.apple.product-type.application";
		};
		02D9B9981FCCEF900042E18D /* 转场动画Tests */ = {
			isa = PBXNativeTarget;
			buildConfigurationList = 02D9B9B01FCCEF900042E18D /* Build configuration list for PBXNativeTarget "转场动画Tests" */;
			buildPhases = (
				02D9B9951FCCEF900042E18D /* Sources */,
				02D9B9961FCCEF900042E18D /* Frameworks */,
				02D9B9971FCCEF900042E18D /* Resources */,
			);
			buildRules = (
			);
			dependencies = (
				02D9B99B1FCCEF900042E18D /* PBXTargetDependency */,
			);
			name = "转场动画Tests";
			productName = "转场动画Tests";
			productReference = 02D9B9991FCCEF900042E18D /* 转场动画Tests.xctest */;
			productType = "com.apple.product-type.bundle.unit-test";
		};
		02D9B9A31FCCEF900042E18D /* 转场动画UITests */ = {
			isa = PBXNativeTarget;
			buildConfigurationList = 02D9B9B31FCCEF900042E18D /* Build configuration list for PBXNativeTarget "转场动画UITests" */;
			buildPhases = (
				02D9B9A01FCCEF900042E18D /* Sources */,
				02D9B9A11FCCEF900042E18D /* Frameworks */,
				02D9B9A21FCCEF900042E18D /* Resources */,
			);
			buildRules = (
			);
			dependencies = (
				02D9B9A61FCCEF900042E18D /* PBXTargetDependency */,
			);
			name = "转场动画UITests";
			productName = "转场动画UITests";
			productReference = 02D9B9A41FCCEF900042E18D /* 转场动画UITests.xctest */;
			productType = "com.apple.product-type.bundle.ui-testing";
		};
/* End PBXNativeTarget section */

/* Begin PBXProject section */
		02D9B9791FCCEF900042E18D /* Project object */ = {
			isa = PBXProject;
			attributes = {
				LastUpgradeCheck = 0900;
				ORGANIZATIONNAME = penglei;
				TargetAttributes = {
					02D9B9801FCCEF900042E18D = {
						CreatedOnToolsVersion = 9.0;
						ProvisioningStyle = Automatic;
					};
					02D9B9981FCCEF900042E18D = {
						CreatedOnToolsVersion = 9.0;
						ProvisioningStyle = Automatic;
						TestTargetID = 02D9B9801FCCEF900042E18D;
					};
					02D9B9A31FCCEF900042E18D = {
						CreatedOnToolsVersion = 9.0;
						ProvisioningStyle = Automatic;
						TestTargetID = 02D9B9801FCCEF900042E18D;
					};
				};
			};
			buildConfigurationList = 02D9B97C1FCCEF900042E18D /* Build configuration list for PBXProject "转场动画" */;
			compatibilityVersion = "Xcode 8.0";
			developmentRegion = en;
			hasScannedForEncodings = 0;
			knownRegions = (
				en,
				Base,
			);
			mainGroup = 02D9B9781FCCEF900042E18D;
			productRefGroup = 02D9B9821FCCEF900042E18D /* Products */;
			projectDirPath = "";
			projectRoot = "";
			targets = (
				02D9B9801FCCEF900042E18D /* 转场动画 */,
				02D9B9981FCCEF900042E18D /* 转场动画Tests */,
				02D9B9A31FCCEF900042E18D /* 转场动画UITests */,
			);
		};
/* End PBXProject section */

/* Begin PBXResourcesBuildPhase section */
		02D9B97F1FCCEF900042E18D /* Resources */ = {
			isa = PBXResourcesBuildPhase;
			buildActionMask = 2147483647;
			files = (
				02D9B9911FCCEF900042E18D /* LaunchScreen.storyboard in Resources */,
				02D9B98E1FCCEF900042E18D /* Assets.xcassets in Resources */,
				02D9B98C1FCCEF900042E18D /* Main.storyboard in Resources */,
			);
			runOnlyForDeploymentPostprocessing = 0;
		};
		02D9B9971FCCEF900042E18D /* Resources */ = {
			isa = PBXResourcesBuildPhase;
			buildActionMask = 2147483647;
			files = (
			);
			runOnlyForDeploymentPostprocessing = 0;
		};
		02D9B9A21FCCEF900042E18D /* Resources */ = {
			isa = PBXResourcesBuildPhase;
			buildActionMask = 2147483647;
			files = (
			);
			runOnlyForDeploymentPostprocessing = 0;
		};
/* End PBXResourcesBuildPhase section */

/* Begin PBXSourcesBuildPhase section */
		02D9B97D1FCCEF900042E18D /* Sources */ = {
			isa = PBXSourcesBuildPhase;
			buildActionMask = 2147483647;
			files = (
				02D9B9CE1FCD61B90042E18D /* PLPanAnimationController.m in Sources */,
				0252AAD01FD4D95600AD5AB0 /* CEHorizontalSwipeInteractionController.m in Sources */,
				02D9B9891FCCEF900042E18D /* ViewController.m in Sources */,
				0252AAD21FD4D95600AD5AB0 /* CEVerticalSwipeInteractionController.m in Sources */,
				0252AAD11FD4D95600AD5AB0 /* CEPinchInteractionController.m in Sources */,
				0252AAC61FD4D83800AD5AB0 /* CEPanAnimationController.m in Sources */,
				02D9B9C11FCD2E890042E18D /* PLInteractiveTransitionController.m in Sources */,
				02D9B9BA1FCD08610042E18D /* PLTransitionAnimationController.m in Sources */,
				02D9B9D11FCD63AF0042E18D /* NavigationViewController.m in Sources */,
				02D9B9C81FCD53D70042E18D /* PLRightToLeftInteractionController.m in Sources */,
				02D9B9941FCCEF900042E18D /* main.m in Sources */,
				0252AACF1FD4D95600AD5AB0 /* CEBaseInteractionController.m in Sources */,
				02D9B9861FCCEF900042E18D /* AppDelegate.m in Sources */,
				0252AAC51FD4D83800AD5AB0 /* CEReversibleAnimationController.m in Sources */,
			);
			runOnlyForDeploymentPostprocessing = 0;
		};
		02D9B9951FCCEF900042E18D /* Sources */ = {
			isa = PBXSourcesBuildPhase;
			buildActionMask = 2147483647;
			files = (
				02D9B99E1FCCEF900042E18D /* ____Tests.m in Sources */,
			);
			runOnlyForDeploymentPostprocessing = 0;
		};
		02D9B9A01FCCEF900042E18D /* Sources */ = {
			isa = PBXSourcesBuildPhase;
			buildActionMask = 2147483647;
			files = (
				02D9B9A91FCCEF900042E18D /* ____UITests.m in Sources */,
			);
			runOnlyForDeploymentPostprocessing = 0;
		};
/* End PBXSourcesBuildPhase section */

/* Begin PBXTargetDependency section */
		02D9B99B1FCCEF900042E18D /* PBXTargetDependency */ = {
			isa = PBXTargetDependency;
			target = 02D9B9801FCCEF900042E18D /* 转场动画 */;
			targetProxy = 02D9B99A1FCCEF900042E18D /* PBXContainerItemProxy */;
		};
		02D9B9A61FCCEF900042E18D /* PBXTargetDependency */ = {
			isa = PBXTargetDependency;
			target = 02D9B9801FCCEF900042E18D /* 转场动画 */;
			targetProxy = 02D9B9A51FCCEF900042E18D /* PBXContainerItemProxy */;
		};
/* End PBXTargetDependency section */

/* Begin PBXVariantGroup section */
		02D9B98A1FCCEF900042E18D /* Main.storyboard */ = {
			isa = PBXVariantGroup;
			children = (
				02D9B98B1FCCEF900042E18D /* Base */,
			);
			name = Main.storyboard;
			sourceTree = "<group>";
		};
		02D9B98F1FCCEF900042E18D /* LaunchScreen.storyboard */ = {
			isa = PBXVariantGroup;
			children = (
				02D9B9901FCCEF900042E18D /* Base */,
			);
			name = LaunchScreen.storyboard;
			sourceTree = "<group>";
		};
/* End PBXVariantGroup section */

/* Begin XCBuildConfiguration section */
		02D9B9AB1FCCEF900042E18D /* Debug */ = {
			isa = XCBuildConfiguration;
			buildSettings = {
				ALWAYS_SEARCH_USER_PATHS = NO;
				CLANG_ANALYZER_NONNULL = YES;
				CLANG_ANALYZER_NUMBER_OBJECT_CONVERSION = YES_AGGRESSIVE;
				CLANG_CXX_LANGUAGE_STANDARD = "gnu++14";
				CLANG_CXX_LIBRARY = "libc++";
				CLANG_ENABLE_MODULES = YES;
				CLANG_ENABLE_OBJC_ARC = YES;
				CLANG_WARN_BLOCK_CAPTURE_AUTORELEASING = YES;
				CLANG_WARN_BOOL_CONVERSION = YES;
				CLANG_WARN_COMMA = YES;
				CLANG_WARN_CONSTANT_CONVERSION = YES;
				CLANG_WARN_DIRECT_OBJC_ISA_USAGE = YES_ERROR;
				CLANG_WARN_DOCUMENTATION_COMMENTS = YES;
				CLANG_WARN_EMPTY_BODY = YES;
				CLANG_WARN_ENUM_CONVERSION = YES;
				CLANG_WARN_INFINITE_RECURSION = YES;
				CLANG_WARN_INT_CONVERSION = YES;
				CLANG_WARN_NON_LITERAL_NULL_CONVERSION = YES;
				CLANG_WARN_OBJC_LITERAL_CONVERSION = YES;
				CLANG_WARN_OBJC_ROOT_CLASS = YES_ERROR;
				CLANG_WARN_RANGE_LOOP_ANALYSIS = YES;
				CLANG_WARN_STRICT_PROTOTYPES = YES;
				CLANG_WARN_SUSPICIOUS_MOVE = YES;
				CLANG_WARN_UNGUARDED_AVAILABILITY = YES_AGGRESSIVE;
				CLANG_WARN_UNREACHABLE_CODE = YES;
				CLANG_WARN__DUPLICATE_METHOD_MATCH = YES;
				CODE_SIGN_IDENTITY = "iPhone Developer";
				COPY_PHASE_STRIP = NO;
				DEBUG_INFORMATION_FORMAT = dwarf;
				ENABLE_STRICT_OBJC_MSGSEND = YES;
				ENABLE_TESTABILITY = YES;
				GCC_C_LANGUAGE_STANDARD = gnu11;
				GCC_DYNAMIC_NO_PIC = NO;
				GCC_NO_COMMON_BLOCKS = YES;
				GCC_OPTIMIZATION_LEVEL = 0;
				GCC_PREPROCESSOR_DEFINITIONS = (
					"DEBUG=1",
					"$(inherited)",
				);
				GCC_WARN_64_TO_32_BIT_CONVERSION = YES;
				GCC_WARN_ABOUT_RETURN_TYPE = YES_ERROR;
				GCC_WARN_UNDECLARED_SELECTOR = YES;
				GCC_WARN_UNINITIALIZED_AUTOS = YES_AGGRESSIVE;
				GCC_WARN_UNUSED_FUNCTION = YES;
				GCC_WARN_UNUSED_VARIABLE = YES;
				IPHONEOS_DEPLOYMENT_TARGET = 11.0;
				MTL_ENABLE_DEBUG_INFO = YES;
				ONLY_ACTIVE_ARCH = YES;
				SDKROOT = iphoneos;
			};
			name = Debug;
		};
		02D9B9AC1FCCEF900042E18D /* Release */ = {
			isa = XCBuildConfiguration;
			buildSettings = {
				ALWAYS_SEARCH_USER_PATHS = NO;
				CLANG_ANALYZER_NONNULL = YES;
				CLANG_ANALYZER_NUMBER_OBJECT_CONVERSION = YES_AGGRESSIVE;
				CLANG_CXX_LANGUAGE_STANDARD = "gnu++14";
				CLANG_CXX_LIBRARY = "libc++";
				CLANG_ENABLE_MODULES = YES;
				CLANG_ENABLE_OBJC_ARC = YES;
				CLANG_WARN_BLOCK_CAPTURE_AUTORELEASING = YES;
				CLANG_WARN_BOOL_CONVERSION = YES;
				CLANG_WARN_COMMA = YES;
				CLANG_WARN_CONSTANT_CONVERSION = YES;
				CLANG_WARN_DIRECT_OBJC_ISA_USAGE = YES_ERROR;
				CLANG_WARN_DOCUMENTATION_COMMENTS = YES;
				CLANG_WARN_EMPTY_BODY = YES;
				CLANG_WARN_ENUM_CONVERSION = YES;
				CLANG_WARN_INFINITE_RECURSION = YES;
				CLANG_WARN_INT_CONVERSION = YES;
				CLANG_WARN_NON_LITERAL_NULL_CONVERSION = YES;
				CLANG_WARN_OBJC_LITERAL_CONVERSION = YES;
				CLANG_WARN_OBJC_ROOT_CLASS = YES_ERROR;
				CLANG_WARN_RANGE_LOOP_ANALYSIS = YES;
				CLANG_WARN_STRICT_PROTOTYPES = YES;
				CLANG_WARN_SUSPICIOUS_MOVE = YES;
				CLANG_WARN_UNGUARDED_AVAILABILITY = YES_AGGRESSIVE;
				CLANG_WARN_UNREACHABLE_CODE = YES;
				CLANG_WARN__DUPLICATE_METHOD_MATCH = YES;
				CODE_SIGN_IDENTITY = "iPhone Developer";
				COPY_PHASE_STRIP = NO;
				DEBUG_INFORMATION_FORMAT = "dwarf-with-dsym";
				ENABLE_NS_ASSERTIONS = NO;
				ENABLE_STRICT_OBJC_MSGSEND = YES;
				GCC_C_LANGUAGE_STANDARD = gnu11;
				GCC_NO_COMMON_BLOCKS = YES;
				GCC_WARN_64_TO_32_BIT_CONVERSION = YES;
				GCC_WARN_ABOUT_RETURN_TYPE = YES_ERROR;
				GCC_WARN_UNDECLARED_SELECTOR = YES;
				GCC_WARN_UNINITIALIZED_AUTOS = YES_AGGRESSIVE;
				GCC_WARN_UNUSED_FUNCTION = YES;
				GCC_WARN_UNUSED_VARIABLE = YES;
				IPHONEOS_DEPLOYMENT_TARGET = 11.0;
				MTL_ENABLE_DEBUG_INFO = NO;
				SDKROOT = iphoneos;
				VALIDATE_PRODUCT = YES;
			};
			name = Release;
		};
		02D9B9AE1FCCEF900042E18D /* Debug */ = {
			isa = XCBuildConfiguration;
			buildSettings = {
				ASSETCATALOG_COMPILER_APPICON_NAME = AppIcon;
				CODE_SIGN_STYLE = Automatic;
				DEVELOPMENT_TEAM = F2VX99366Q;
				INFOPLIST_FILE = "转场动画/Info.plist";
				LD_RUNPATH_SEARCH_PATHS = "$(inherited) @executable_path/Frameworks";
				PRODUCT_BUNDLE_IDENTIFIER = "com.pengleip-sina.----";
				PRODUCT_NAME = "$(TARGET_NAME)";
				TARGETED_DEVICE_FAMILY = "1,2";
			};
			name = Debug;
		};
		02D9B9AF1FCCEF900042E18D /* Release */ = {
			isa = XCBuildConfiguration;
			buildSettings = {
				ASSETCATALOG_COMPILER_APPICON_NAME = AppIcon;
				CODE_SIGN_STYLE = Automatic;
				DEVELOPMENT_TEAM = F2VX99366Q;
				INFOPLIST_FILE = "转场动画/Info.plist";
				LD_RUNPATH_SEARCH_PATHS = "$(inherited) @executable_path/Frameworks";
				PRODUCT_BUNDLE_IDENTIFIER = "com.pengleip-sina.----";
				PRODUCT_NAME = "$(TARGET_NAME)";
				TARGETED_DEVICE_FAMILY = "1,2";
			};
			name = Release;
		};
		02D9B9B11FCCEF900042E18D /* Debug */ = {
			isa = XCBuildConfiguration;
			buildSettings = {
				BUNDLE_LOADER = "$(TEST_HOST)";
				CODE_SIGN_STYLE = Automatic;
				DEVELOPMENT_TEAM = F2VX99366Q;
				INFOPLIST_FILE = "转场动画Tests/Info.plist";
				LD_RUNPATH_SEARCH_PATHS = "$(inherited) @executable_path/Frameworks @loader_path/Frameworks";
				PRODUCT_BUNDLE_IDENTIFIER = "com.pengleip-sina.----Tests";
				PRODUCT_NAME = "$(TARGET_NAME)";
				TARGETED_DEVICE_FAMILY = "1,2";
				TEST_HOST = "$(BUILT_PRODUCTS_DIR)/转场动画.app/转场动画";
			};
			name = Debug;
		};
		02D9B9B21FCCEF900042E18D /* Release */ = {
			isa = XCBuildConfiguration;
			buildSettings = {
				BUNDLE_LOADER = "$(TEST_HOST)";
				CODE_SIGN_STYLE = Automatic;
				DEVELOPMENT_TEAM = F2VX99366Q;
				INFOPLIST_FILE = "转场动画Tests/Info.plist";
				LD_RUNPATH_SEARCH_PATHS = "$(inherited) @executable_path/Frameworks @loader_path/Frameworks";
				PRODUCT_BUNDLE_IDENTIFIER = "com.pengleip-sina.----Tests";
				PRODUCT_NAME = "$(TARGET_NAME)";
				TARGETED_DEVICE_FAMILY = "1,2";
				TEST_HOST = "$(BUILT_PRODUCTS_DIR)/转场动画.app/转场动画";
			};
			name = Release;
		};
		02D9B9B41FCCEF900042E18D /* Debug */ = {
			isa = XCBuildConfiguration;
			buildSettings = {
				CODE_SIGN_STYLE = Automatic;
				DEVELOPMENT_TEAM = F2VX99366Q;
				INFOPLIST_FILE = "转场动画UITests/Info.plist";
				LD_RUNPATH_SEARCH_PATHS = "$(inherited) @executable_path/Frameworks @loader_path/Frameworks";
				PRODUCT_BUNDLE_IDENTIFIER = "com.pengleip-sina.----UITests";
				PRODUCT_NAME = "$(TARGET_NAME)";
				TARGETED_DEVICE_FAMILY = "1,2";
				TEST_TARGET_NAME = "转场动画";
			};
			name = Debug;
		};
		02D9B9B51FCCEF900042E18D /* Release */ = {
			isa = XCBuildConfiguration;
			buildSettings = {
				CODE_SIGN_STYLE = Automatic;
				DEVELOPMENT_TEAM = F2VX99366Q;
				INFOPLIST_FILE = "转场动画UITests/Info.plist";
				LD_RUNPATH_SEARCH_PATHS = "$(inherited) @executable_path/Frameworks @loader_path/Frameworks";
				PRODUCT_BUNDLE_IDENTIFIER = "com.pengleip-sina.----UITests";
				PRODUCT_NAME = "$(TARGET_NAME)";
				TARGETED_DEVICE_FAMILY = "1,2";
				TEST_TARGET_NAME = "转场动画";
			};
			name = Release;
		};
/* End XCBuildConfiguration section */

/* Begin XCConfigurationList section */
		02D9B97C1FCCEF900042E18D /* Build configuration list for PBXProject "转场动画" */ = {
			isa = XCConfigurationList;
			buildConfigurations = (
				02D9B9AB1FCCEF900042E18D /* Debug */,
				02D9B9AC1FCCEF900042E18D /* Release */,
			);
			defaultConfigurationIsVisible = 0;
			defaultConfigurationName = Release;
		};
		02D9B9AD1FCCEF900042E18D /* Build configuration list for PBXNativeTarget "转场动画" */ = {
			isa = XCConfigurationList;
			buildConfigurations = (
				02D9B9AE1FCCEF900042E18D /* Debug */,
				02D9B9AF1FCCEF900042E18D /* Release */,
			);
			defaultConfigurationIsVisible = 0;
			defaultConfigurationName = Release;
		};
		02D9B9B01FCCEF900042E18D /* Build configuration list for PBXNativeTarget "转场动画Tests" */ = {
			isa = XCConfigurationList;
			buildConfigurations = (
				02D9B9B11FCCEF900042E18D /* Debug */,
				02D9B9B21FCCEF900042E18D /* Release */,
			);
			defaultConfigurationIsVisible = 0;
			defaultConfigurationName = Release;
		};
		02D9B9B31FCCEF900042E18D /* Build configuration list for PBXNativeTarget "转场动画UITests" */ = {
			isa = XCConfigurationList;
			buildConfigurations = (
				02D9B9B41FCCEF900042E18D /* Debug */,
				02D9B9B51FCCEF900042E18D /* Release */,
			);
			defaultConfigurationIsVisible = 0;
			defaultConfigurationName = Release;
		};
/* End XCConfigurationList section */
	};
	rootObject = 02D9B9791FCCEF900042E18D /* Project object */;
}
